// !$*UTF8*$!
{
	archiveVersion = 1;
	classes = {
	};
	objectVersion = 50;
	objects = {

/* Begin PBXBuildFile section */
		4ACFCCF524FF7E1900208277 /* AppDelegate.swift in Sources */ = {isa = PBXBuildFile; fileRef = 4ACFCCF424FF7E1900208277 /* AppDelegate.swift */; };
		4ACFCCF724FF7E1900208277 /* SceneDelegate.swift in Sources */ = {isa = PBXBuildFile; fileRef = 4ACFCCF624FF7E1900208277 /* SceneDelegate.swift */; };
		4ACFCCF924FF7E1900208277 /* ViewController.swift in Sources */ = {isa = PBXBuildFile; fileRef = 4ACFCCF824FF7E1900208277 /* ViewController.swift */; };
		4ACFCCFC24FF7E1900208277 /* Main.storyboard in Resources */ = {isa = PBXBuildFile; fileRef = 4ACFCCFA24FF7E1900208277 /* Main.storyboard */; };
		4ACFCCFE24FF7E2100208277 /* Assets.xcassets in Resources */ = {isa = PBXBuildFile; fileRef = 4ACFCCFD24FF7E2100208277 /* Assets.xcassets */; };
		4ACFCD0124FF7E2100208277 /* LaunchScreen.storyboard in Resources */ = {isa = PBXBuildFile; fileRef = 4ACFCCFF24FF7E2100208277 /* LaunchScreen.storyboard */; };
/* End PBXBuildFile section */

/* Begin PBXFileReference section */
		4ACFCCF124FF7E1900208277 /* SocialsLogin.app */ = {isa = PBXFileReference; explicitFileType = wrapper.application; includeInIndex = 0; path = SocialsLogin.app; sourceTree = BUILT_PRODUCTS_DIR; };
		4ACFCCF424FF7E1900208277 /* AppDelegate.swift */ = {isa = PBXFileReference; lastKnownFileType = sourcecode.swift; path = AppDelegate.swift; sourceTree = "<group>"; };
		4ACFCCF624FF7E1900208277 /* SceneDelegate.swift */ = {isa = PBXFileReference; lastKnownFileType = sourcecode.swift; path = SceneDelegate.swift; sourceTree = "<group>"; };
		4ACFCCF824FF7E1900208277 /* ViewController.swift */ = {isa = PBXFileReference; lastKnownFileType = sourcecode.swift; path = ViewController.swift; sourceTree = "<group>"; };
		4ACFCCFB24FF7E1900208277 /* Base */ = {isa = PBXFileReference; lastKnownFileType = file.storyboard; name = Base; path = Base.lproj/Main.storyboard; sourceTree = "<group>"; };
		4ACFCCFD24FF7E2100208277 /* Assets.xcassets */ = {isa = PBXFileReference; lastKnownFileType = folder.assetcatalog; path = Assets.xcassets; sourceTree = "<group>"; };
		4ACFCD0024FF7E2100208277 /* Base */ = {isa = PBXFileReference; lastKnownFileType = file.storyboard; name = Base; path = Base.lproj/LaunchScreen.storyboard; sourceTree = "<group>"; };
		4ACFCD0224FF7E2100208277 /* Info.plist */ = {isa = PBXFileReference; lastKnownFileType = text.plist.xml; path = Info.plist; sourceTree = "<group>"; };
/* End PBXFileReference section */

/* Begin PBXFrameworksBuildPhase section */
		4ACFCCEE24FF7E1900208277 /* Frameworks */ = {
			isa = PBXFrameworksBuildPhase;
			buildActionMask = 2147483647;
			files = (
			);
			runOnlyForDeploymentPostprocessing = 0;
		};
/* End PBXFrameworksBuildPhase section */

/* Begin PBXGroup section */
		4ACFCCE824FF7E1900208277 = {
			isa = PBXGroup;
			children = (
				4ACFCCF324FF7E1900208277 /* SocialsLogin */,
				4ACFCCF224FF7E1900208277 /* Products */,
			);
			sourceTree = "<group>";
		};
		4ACFCCF224FF7E1900208277 /* Products */ = {
			isa = PBXGroup;
			children = (
				4ACFCCF124FF7E1900208277 /* SocialsLogin.app */,
			);
			name = Products;
			sourceTree = "<group>";
		};
		4ACFCCF324FF7E1900208277 /* SocialsLogin */ = {
			isa = PBXGroup;
			children = (
				4ACFCCF424FF7E1900208277 /* AppDelegate.swift */,
				4ACFCCF624FF7E1900208277 /* SceneDelegate.swift */,
				4ACFCCF824FF7E1900208277 /* ViewController.swift */,
				4ACFCCFA24FF7E1900208277 /* Main.storyboard */,
				4ACFCCFD24FF7E2100208277 /* Assets.xcassets */,
				4ACFCCFF24FF7E2100208277 /* LaunchScreen.storyboard */,
				4ACFCD0224FF7E2100208277 /* Info.plist */,
			);
			path = SocialsLogin;
			sourceTree = "<group>";
		};
/* End PBXGroup section */

/* Begin PBXNativeTarget section */
		4ACFCCF024FF7E1900208277 /* SocialsLogin */ = {
			isa = PBXNativeTarget;
			buildConfigurationList = 4ACFCD0524FF7E2100208277 /* Build configuration list for PBXNativeTarget "SocialsLogin" */;
			buildPhases = (
				4ACFCCED24FF7E1900208277 /* Sources */,
				4ACFCCEE24FF7E1900208277 /* Frameworks */,
				4ACFCCEF24FF7E1900208277 /* Resources */,
			);
			buildRules = (
			);
			dependencies = (
			);
			name = SocialsLogin;
			productName = SocialsLogin;
			productReference = 4ACFCCF124FF7E1900208277 /* SocialsLogin.app */;
			productType = "com.apple.product-type.application";
		};
/* End PBXNativeTarget section */

/* Begin PBXProject section */
		4ACFCCE924FF7E1900208277 /* Project object */ = {
			isa = PBXProject;
			attributes = {
				LastSwiftUpdateCheck = 1120;
				LastUpgradeCheck = 1120;
				ORGANIZATIONNAME = WDP;
				TargetAttributes = {
					4ACFCCF024FF7E1900208277 = {
						CreatedOnToolsVersion = 11.2.1;
					};
				};
			};
			buildConfigurationList = 4ACFCCEC24FF7E1900208277 /* Build configuration list for PBXProject "SocialsLogin" */;
			compatibilityVersion = "Xcode 9.3";
			developmentRegion = en;
			hasScannedForEncodings = 0;
			knownRegions = (
				en,
				Base,
			);
			mainGroup = 4ACFCCE824FF7E1900208277;
			productRefGroup = 4ACFCCF224FF7E1900208277 /* Products */;
			projectDirPath = "";
			projectRoot = "";
			targets = (
				4ACFCCF024FF7E1900208277 /* SocialsLogin */,
			);
		};
/* End PBXProject section */

/* Begin PBXResourcesBuildPhase section */
		4ACFCCEF24FF7E1900208277 /* Resources */ = {
			isa = PBXResourcesBuildPhase;
			buildActionMask = 2147483647;
			files = (
				4ACFCD0124FF7E2100208277 /* LaunchScreen.storyboard in Resources */,
				4ACFCCFE24FF7E2100208277 /* Assets.xcassets in Resources */,
				4ACFCCFC24FF7E1900208277 /* Main.storyboard in Resources */,
			);
			runOnlyForDeploymentPostprocessing = 0;
		};
/* End PBXResourcesBuildPhase section */

/* Begin PBXSourcesBuildPhase section */
		4ACFCCED24FF7E1900208277 /* Sources */ = {
			isa = PBXSourcesBuildPhase;
			buildActionMask = 2147483647;
			files = (
				4ACFCCF924FF7E1900208277 /* ViewController.swift in Sources */,
				4ACFCCF524FF7E1900208277 /* AppDelegate.swift in Sources */,
				4ACFCCF724FF7E1900208277 /* SceneDelegate.swift in Sources */,
			);
			runOnlyForDeploymentPostprocessing = 0;
		};
/* End PBXSourcesBuildPhase section */

/* Begin PBXVariantGroup section */
		4ACFCCFA24FF7E1900208277 /* Main.storyboard */ = {
			isa = PBXVariantGroup;
			children = (
				4ACFCCFB24FF7E1900208277 /* Base */,
			);
			name = Main.storyboard;
			sourceTree = "<group>";
		};
		4ACFCCFF24FF7E2100208277 /* LaunchScreen.storyboard */ = {
			isa = PBXVariantGroup;
			children = (
				4ACFCD0024FF7E2100208277 /* Base */,
			);
			name = LaunchScreen.storyboard;
			sourceTree = "<group>";
		};
/* End PBXVariantGroup section */

/* Begin XCBuildConfiguration section */
		4ACFCD0324FF7E2100208277 /* Debug */ = {
			isa = XCBuildConfiguration;
			buildSettings = {
				ALWAYS_SEARCH_USER_PATHS = NO;
				CLANG_ANALYZER_NONNULL = YES;
				CLANG_ANALYZER_NUMBER_OBJECT_CONVERSION = YES_AGGRESSIVE;
				CLANG_CXX_LANGUAGE_STANDARD = "gnu++14";
				CLANG_CXX_LIBRARY = "libc++";
				CLANG_ENABLE_MODULES = YES;
				CLANG_ENABLE_OBJC_ARC = YES;
				CLANG_ENABLE_OBJC_WEAK = YES;
				CLANG_WARN_BLOCK_CAPTURE_AUTORELEASING = YES;
				CLANG_WARN_BOOL_CONVERSION = YES;
				CLANG_WARN_COMMA = YES;
				CLANG_WARN_CONSTANT_CONVERSION = YES;
				CLANG_WARN_DEPRECATED_OBJC_IMPLEMENTATIONS = YES;
				CLANG_WARN_DIRECT_OBJC_ISA_USAGE = YES_ERROR;
				CLANG_WARN_DOCUMENTATION_COMMENTS = YES;
				CLANG_WARN_EMPTY_BODY = YES;
				CLANG_WARN_ENUM_CONVERSION = YES;
				CLANG_WARN_INFINITE_RECURSION = YES;
				CLANG_WARN_INT_CONVERSION = YES;
				CLANG_WARN_NON_LITERAL_NULL_CONVERSION = YES;
				CLANG_WARN_OBJC_IMPLICIT_RETAIN_SELF = YES;
				CLANG_WARN_OBJC_LITERAL_CONVERSION = YES;
				CLANG_WARN_OBJC_ROOT_CLASS = YES_ERROR;
				CLANG_WARN_RANGE_LOOP_ANALYSIS = YES;
				CLANG_WARN_STRICT_PROTOTYPES = YES;
				CLANG_WARN_SUSPICIOUS_MOVE = YES;
				CLANG_WARN_UNGUARDED_AVAILABILITY = YES_AGGRESSIVE;
				CLANG_WARN_UNREACHABLE_CODE = YES;
				CLANG_WARN__DUPLICATE_METHOD_MATCH = YES;
				COPY_PHASE_STRIP = NO;
				DEBUG_INFORMATION_FORMAT = dwarf;
				ENABLE_STRICT_OBJC_MSGSEND = YES;
				ENABLE_TESTABILITY = YES;
				GCC_C_LANGUAGE_STANDARD = gnu11;
				GCC_DYNAMIC_NO_PIC = NO;
				GCC_NO_COMMON_BLOCKS = YES;
				GCC_OPTIMIZATION_LEVEL = 0;
				GCC_PREPROCESSOR_DEFINITIONS = (
					"DEBUG=1",
					"$(inherited)",
				);
				GCC_WARN_64_TO_32_BIT_CONVERSION = YES;
				GCC_WARN_ABOUT_RETURN_TYPE = YES_ERROR;
				GCC_WARN_UNDECLARED_SELECTOR = YES;
				GCC_WARN_UNINITIALIZED_AUTOS = YES_AGGRESSIVE;
				GCC_WARN_UNUSED_FUNCTION = YES;
				GCC_WARN_UNUSED_VARIABLE = YES;
				IPHONEOS_DEPLOYMENT_TARGET = 13.2;
				MTL_ENABLE_DEBUG_INFO = INCLUDE_SOURCE;
				MTL_FAST_MATH = YES;
				ONLY_ACTIVE_ARCH = YES;
				SDKROOT = iphoneos;
				SWIFT_ACTIVE_COMPILATION_CONDITIONS = DEBUG;
				SWIFT_OPTIMIZATION_LEVEL = "-Onone";
			};
			name = Debug;
		};
		4ACFCD0424FF7E2100208277 /* Release */ = {
			isa = XCBuildConfiguration;
			buildSettings = {
				ALWAYS_SEARCH_USER_PATHS = NO;
				CLANG_ANALYZER_NONNULL = YES;
				CLANG_ANALYZER_NUMBER_OBJECT_CONVERSION = YES_AGGRESSIVE;
				CLANG_CXX_LANGUAGE_STANDARD = "gnu++14";
				CLANG_CXX_LIBRARY = "libc++";
				CLANG_ENABLE_MODULES = YES;
				CLANG_ENABLE_OBJC_ARC = YES;
				CLANG_ENABLE_OBJC_WEAK = YES;
				CLANG_WARN_BLOCK_CAPTURE_AUTORELEASING = YES;
				CLANG_WARN_BOOL_CONVERSION = YES;
				CLANG_WARN_COMMA = YES;
				CLANG_WARN_CONSTANT_CONVERSION = YES;
				CLANG_WARN_DEPRECATED_OBJC_IMPLEMENTATIONS = YES;
				CLANG_WARN_DIRECT_OBJC_ISA_USAGE = YES_ERROR;
				CLANG_WARN_DOCUMENTATION_COMMENTS = YES;
				CLANG_WARN_EMPTY_BODY = YES;
				CLANG_WARN_ENUM_CONVERSION = YES;
				CLANG_WARN_INFINITE_RECURSION = YES;
				CLANG_WARN_INT_CONVERSION = YES;
				CLANG_WARN_NON_LITERAL_NULL_CONVERSION = YES;
				CLANG_WARN_OBJC_IMPLICIT_RETAIN_SELF = YES;
				CLANG_WARN_OBJC_LITERAL_CONVERSION = YES;
				CLANG_WARN_OBJC_ROOT_CLASS = YES_ERROR;
				CLANG_WARN_RANGE_LOOP_ANALYSIS = YES;
				CLANG_WARN_STRICT_PROTOTYPES = YES;
				CLANG_WARN_SUSPICIOUS_MOVE = YES;
				CLANG_WARN_UNGUARDED_AVAILABILITY = YES_AGGRESSIVE;
				CLANG_WARN_UNREACHABLE_CODE = YES;
				CLANG_WARN__DUPLICATE_METHOD_MATCH = YES;
				COPY_PHASE_STRIP = NO;
				DEBUG_INFORMATION_FORMAT = "dwarf-with-dsym";
				ENABLE_NS_ASSERTIONS = NO;
				ENABLE_STRICT_OBJC_MSGSEND = YES;
				GCC_C_LANGUAGE_STANDARD = gnu11;
				GCC_NO_COMMON_BLOCKS = YES;
				GCC_WARN_64_TO_32_BIT_CONVERSION = YES;
				GCC_WARN_ABOUT_RETURN_TYPE = YES_ERROR;
				GCC_WARN_UNDECLARED_SELECTOR = YES;
				GCC_WARN_UNINITIALIZED_AUTOS = YES_AGGRESSIVE;
				GCC_WARN_UNUSED_FUNCTION = YES;
				GCC_WARN_UNUSED_VARIABLE = YES;
				IPHONEOS_DEPLOYMENT_TARGET = 13.2;
				MTL_ENABLE_DEBUG_INFO = NO;
				MTL_FAST_MATH = YES;
				SDKROOT = iphoneos;
				SWIFT_COMPILATION_MODE = wholemodule;
				SWIFT_OPTIMIZATION_LEVEL = "-O";
				VALIDATE_PRODUCT = YES;
			};
			name = Release;
		};
		4ACFCD0624FF7E2100208277 /* Debug */ = {
			isa = XCBuildConfiguration;
			buildSettings = {
				ASSETCATALOG_COMPILER_APPICON_NAME = AppIcon;
				CODE_SIGN_STYLE = Automatic;
				DEVELOPMENT_TEAM = MMMQ6566Q7;
				INFOPLIST_FILE = SocialsLogin/Info.plist;
				LD_RUNPATH_SEARCH_PATHS = (
					"$(inherited)",
					"@executable_path/Frameworks",
				);
				PRODUCT_BUNDLE_IDENTIFIER = com.WDP.SocialsLogin;
				PRODUCT_NAME = "$(TARGET_NAME)";
				SWIFT_VERSION = 5.0;
				TARGETED_DEVICE_FAMILY = "1,2";
			};
			name = Debug;
		};
		4ACFCD0724FF7E2100208277 /* Release */ = {
			isa = XCBuildConfiguration;
			buildSettings = {
				ASSETCATALOG_COMPILER_APPICON_NAME = AppIcon;
				CODE_SIGN_STYLE = Automatic;
				DEVELOPMENT_TEAM = MMMQ6566Q7;
				INFOPLIST_FILE = SocialsLogin/Info.plist;
				LD_RUNPATH_SEARCH_PATHS = (
					"$(inherited)",
					"@executable_path/Frameworks",
				);
				PRODUCT_BUNDLE_IDENTIFIER = com.WDP.SocialsLogin;
				PRODUCT_NAME = "$(TARGET_NAME)";
				SWIFT_VERSION = 5.0;
				TARGETED_DEVICE_FAMILY = "1,2";
			};
			name = Release;
		};
/* End XCBuildConfiguration section */

/* Begin XCConfigurationList section */
		4ACFCCEC24FF7E1900208277 /* Build configuration list for PBXProject "SocialsLogin" */ = {
			isa = XCConfigurationList;
			buildConfigurations = (
				4ACFCD0324FF7E2100208277 /* Debug */,
				4ACFCD0424FF7E2100208277 /* Release */,
			);
			defaultConfigurationIsVisible = 0;
			defaultConfigurationName = Release;
		};
		4ACFCD0524FF7E2100208277 /* Build configuration list for PBXNativeTarget "SocialsLogin" */ = {
			isa = XCConfigurationList;
			buildConfigurations = (
				4ACFCD0624FF7E2100208277 /* Debug */,
				4ACFCD0724FF7E2100208277 /* Release */,
			);
			defaultConfigurationIsVisible = 0;
			defaultConfigurationName = Release;
		};
/* End XCConfigurationList section */
	};
	rootObject = 4ACFCCE924FF7E1900208277 /* Project object */;
}
